
Microsoft Visual Studio Solution File, Format Version 12.00
# Visual Studio Version 16
VisualStudioVersion = 16.0.31129.286
MinimumVisualStudioVersion = 10.0.40219.1
Project("{FAE04EC0-301F-11D3-BF4B-00C04F79EFBC}") = "QueryString.Portable", "QueryString.Portable\QueryString.Portable.csproj", "{3B63708F-2D48-48CF-B604-B607F2154208}"
EndProject
Project("{D954291E-2A0B-460D-934E-DC6B0785DB48}") = "QueryString", "QueryString\QueryString.shproj", "{B0CC4E32-6A41-4AA8-8294-E2B6312FBD78}"
EndProject
Project("{FAE04EC0-301F-11D3-BF4B-00C04F79EFBC}") = "QueryString.NETCore", "QueryString.NETCore\QueryString.NETCore.csproj", "{0A678142-55E1-4611-B81A-8AFB1EA0D2B2}"
EndProject
Project("{D954291E-2A0B-460D-934E-DC6B0785DB48}") = "QueryStringTest", "QueryStringTest\QueryStringTest.shproj", "{49B7F04C-71A2-45D3-99EF-70E71AA1BBB0}"
EndProject
Project("{FAE04EC0-301F-11D3-BF4B-00C04F79EFBC}") = "QueryStringTest.Portable", "QueryStringTest.Portable\QueryStringTest.Portable.csproj", "{E6DAFF7F-8873-4A25-B501-7E5F2F7C3A85}"
EndProject
Project("{FAE04EC0-301F-11D3-BF4B-00C04F79EFBC}") = "QueryStringTest.NetCore", "QueryStringTest.NetCore\QueryStringTest.NetCore.csproj", "{D68A5608-C627-439F-9517-D25586F50578}"
EndProject
Global
	GlobalSection(SharedMSBuildProjectFiles) = preSolution
		QueryString\QueryString.projitems*{0a678142-55e1-4611-b81a-8afb1ea0d2b2}*SharedItemsImports = 5
		QueryString\QueryString.projitems*{3b63708f-2d48-48cf-b604-b607f2154208}*SharedItemsImports = 5
		QueryStringTest\QueryStringTest.projitems*{49b7f04c-71a2-45d3-99ef-70e71aa1bbb0}*SharedItemsImports = 13
		QueryString\QueryString.projitems*{b0cc4e32-6a41-4aa8-8294-e2b6312fbd78}*SharedItemsImports = 13
		QueryStringTest\QueryStringTest.projitems*{e6daff7f-8873-4a25-b501-7e5f2f7c3a85}*SharedItemsImports = 5
	EndGlobalSection
	GlobalSection(SolutionConfigurationPlatforms) = preSolution
		Debug|Any CPU = Debug|Any CPU
		Debug|ARM = Debug|ARM
		Debug|x64 = Debug|x64
		Debug|x86 = Debug|x86
		Release|Any CPU = Release|Any CPU
		Release|ARM = Release|ARM
		Release|x64 = Release|x64
		Release|x86 = Release|x86
	EndGlobalSection
	GlobalSection(ProjectConfigurationPlatforms) = postSolution
		{3B63708F-2D48-48CF-B604-B607F2154208}.Debug|Any CPU.ActiveCfg = Debug|Any CPU
		{3B63708F-2D48-48CF-B604-B607F2154208}.Debug|Any CPU.Build.0 = Debug|Any CPU
		{3B63708F-2D48-48CF-B604-B607F2154208}.Debug|ARM.ActiveCfg = Debug|Any CPU
		{3B63708F-2D48-48CF-B604-B607F2154208}.Debug|ARM.Build.0 = Debug|Any CPU
		{3B63708F-2D48-48CF-B604-B607F2154208}.Debug|x64.ActiveCfg = Debug|Any CPU
		{3B63708F-2D48-48CF-B604-B607F2154208}.Debug|x64.Build.0 = Debug|Any CPU
		{3B63708F-2D48-48CF-B604-B607F2154208}.Debug|x86.ActiveCfg = Debug|Any CPU
		{3B63708F-2D48-48CF-B604-B607F2154208}.Debug|x86.Build.0 = Debug|Any CPU
		{3B63708F-2D48-48CF-B604-B607F2154208}.Release|Any CPU.ActiveCfg = Release|Any CPU
		{3B63708F-2D48-48CF-B604-B607F2154208}.Release|Any CPU.Build.0 = Release|Any CPU
		{3B63708F-2D48-48CF-B604-B607F2154208}.Release|ARM.ActiveCfg = Release|Any CPU
		{3B63708F-2D48-48CF-B604-B607F2154208}.Release|ARM.Build.0 = Release|Any CPU
		{3B63708F-2D48-48CF-B604-B607F2154208}.Release|x64.ActiveCfg = Release|Any CPU
		{3B63708F-2D48-48CF-B604-B607F2154208}.Release|x64.Build.0 = Release|Any CPU
		{3B63708F-2D48-48CF-B604-B607F2154208}.Release|x86.ActiveCfg = Release|Any CPU
		{3B63708F-2D48-48CF-B604-B607F2154208}.Release|x86.Build.0 = Release|Any CPU
		{0A678142-55E1-4611-B81A-8AFB1EA0D2B2}.Debug|Any CPU.ActiveCfg = Debug|Any CPU
		{0A678142-55E1-4611-B81A-8AFB1EA0D2B2}.Debug|Any CPU.Build.0 = Debug|Any CPU
		{0A678142-55E1-4611-B81A-8AFB1EA0D2B2}.Debug|ARM.ActiveCfg = Debug|Any CPU
		{0A678142-55E1-4611-B81A-8AFB1EA0D2B2}.Debug|ARM.Build.0 = Debug|Any CPU
		{0A678142-55E1-4611-B81A-8AFB1EA0D2B2}.Debug|x64.ActiveCfg = Debug|Any CPU
		{0A678142-55E1-4611-B81A-8AFB1EA0D2B2}.Debug|x64.Build.0 = Debug|Any CPU
		{0A678142-55E1-4611-B81A-8AFB1EA0D2B2}.Debug|x86.ActiveCfg = Debug|Any CPU
		{0A678142-55E1-4611-B81A-8AFB1EA0D2B2}.Debug|x86.Build.0 = Debug|Any CPU
		{0A678142-55E1-4611-B81A-8AFB1EA0D2B2}.Release|Any CPU.ActiveCfg = Release|Any CPU
		{0A678142-55E1-4611-B81A-8AFB1EA0D2B2}.Release|Any CPU.Build.0 = Release|Any CPU
		{0A678142-55E1-4611-B81A-8AFB1EA0D2B2}.Release|ARM.ActiveCfg = Release|Any CPU
		{0A678142-55E1-4611-B81A-8AFB1EA0D2B2}.Release|ARM.Build.0 = Release|Any CPU
		{0A678142-55E1-4611-B81A-8AFB1EA0D2B2}.Release|x64.ActiveCfg = Release|Any CPU
		{0A678142-55E1-4611-B81A-8AFB1EA0D2B2}.Release|x64.Build.0 = Release|Any CPU
		{0A678142-55E1-4611-B81A-8AFB1EA0D2B2}.Release|x86.ActiveCfg = Release|Any CPU
		{0A678142-55E1-4611-B81A-8AFB1EA0D2B2}.Release|x86.Build.0 = Release|Any CPU
		{E6DAFF7F-8873-4A25-B501-7E5F2F7C3A85}.Debug|Any CPU.ActiveCfg = Debug|Any CPU
		{E6DAFF7F-8873-4A25-B501-7E5F2F7C3A85}.Debug|Any CPU.Build.0 = Debug|Any CPU
		{E6DAFF7F-8873-4A25-B501-7E5F2F7C3A85}.Debug|ARM.ActiveCfg = Debug|Any CPU
		{E6DAFF7F-8873-4A25-B501-7E5F2F7C3A85}.Debug|ARM.Build.0 = Debug|Any CPU
		{E6DAFF7F-8873-4A25-B501-7E5F2F7C3A85}.Debug|x64.ActiveCfg = Debug|Any CPU
		{E6DAFF7F-8873-4A25-B501-7E5F2F7C3A85}.Debug|x64.Build.0 = Debug|Any CPU
		{E6DAFF7F-8873-4A25-B501-7E5F2F7C3A85}.Debug|x86.ActiveCfg = Debug|Any CPU
		{E6DAFF7F-8873-4A25-B501-7E5F2F7C3A85}.Debug|x86.Build.0 = Debug|Any CPU
		{E6DAFF7F-8873-4A25-B501-7E5F2F7C3A85}.Release|Any CPU.ActiveCfg = Release|Any CPU
		{E6DAFF7F-8873-4A25-B501-7E5F2F7C3A85}.Release|Any CPU.Build.0 = Release|Any CPU
		{E6DAFF7F-8873-4A25-B501-7E5F2F7C3A85}.Release|ARM.ActiveCfg = Release|Any CPU
		{E6DAFF7F-8873-4A25-B501-7E5F2F7C3A85}.Release|ARM.Build.0 = Release|Any CPU
		{E6DAFF7F-8873-4A25-B501-7E5F2F7C3A85}.Release|x64.ActiveCfg = Release|Any CPU
		{E6DAFF7F-8873-4A25-B501-7E5F2F7C3A85}.Release|x64.Build.0 = Release|Any CPU
		{E6DAFF7F-8873-4A25-B501-7E5F2F7C3A85}.Release|x86.ActiveCfg = Release|Any CPU
		{E6DAFF7F-8873-4A25-B501-7E5F2F7C3A85}.Release|x86.Build.0 = Release|Any CPU
		{D68A5608-C627-439F-9517-D25586F50578}.Debug|Any CPU.ActiveCfg = Debug|Any CPU
		{D68A5608-C627-439F-9517-D25586F50578}.Debug|Any CPU.Build.0 = Debug|Any CPU
		{D68A5608-C627-439F-9517-D25586F50578}.Debug|ARM.ActiveCfg = Debug|Any CPU
		{D68A5608-C627-439F-9517-D25586F50578}.Debug|ARM.Build.0 = Debug|Any CPU
		{D68A5608-C627-439F-9517-D25586F50578}.Debug|x64.ActiveCfg = Debug|Any CPU
		{D68A5608-C627-439F-9517-D25586F50578}.Debug|x64.Build.0 = Debug|Any CPU
		{D68A5608-C627-439F-9517-D25586F50578}.Debug|x86.ActiveCfg = Debug|Any CPU
		{D68A5608-C627-439F-9517-D25586F50578}.Debug|x86.Build.0 = Debug|Any CPU
		{D68A5608-C627-439F-9517-D25586F50578}.Release|Any CPU.ActiveCfg = Release|Any CPU
		{D68A5608-C627-439F-9517-D25586F50578}.Release|Any CPU.Build.0 = Release|Any CPU
		{D68A5608-C627-439F-9517-D25586F50578}.Release|ARM.ActiveCfg = Release|Any CPU
		{D68A5608-C627-439F-9517-D25586F50578}.Release|ARM.Build.0 = Release|Any CPU
		{D68A5608-C627-439F-9517-D25586F50578}.Release|x64.ActiveCfg = Release|Any CPU
		{D68A5608-C627-439F-9517-D25586F50578}.Release|x64.Build.0 = Release|Any CPU
		{D68A5608-C627-439F-9517-D25586F50578}.Release|x86.ActiveCfg = Release|Any CPU
		{D68A5608-C627-439F-9517-D25586F50578}.Release|x86.Build.0 = Release|Any CPU
	EndGlobalSection
	GlobalSection(SolutionProperties) = preSolution
		HideSolutionNode = FALSE
	EndGlobalSection
	GlobalSection(ExtensibilityGlobals) = postSolution
		SolutionGuid = {E444EEAA-49CC-459D-B8DD-15D903979A50}
	EndGlobalSection
EndGlobal
